// !$*UTF8*$!
{
	archiveVersion = 1;
	classes = {
	};
	objectVersion = 48;
	objects = {

/* Begin PBXBuildFile section */
		F7B26FC41FD6D62900E143A6 /* AppDelegate.m in Sources */ = {isa = PBXBuildFile; fileRef = F7B26FC31FD6D62900E143A6 /* AppDelegate.m */; };
		F7B26FC71FD6D62900E143A6 /* ViewController.m in Sources */ = {isa = PBXBuildFile; fileRef = F7B26FC61FD6D62900E143A6 /* ViewController.m */; };
		F7B26FCA1FD6D62900E143A6 /* Main.storyboard in Resources */ = {isa = PBXBuildFile; fileRef = F7B26FC81FD6D62900E143A6 /* Main.storyboard */; };
		F7B26FCC1FD6D62900E143A6 /* Assets.xcassets in Resources */ = {isa = PBXBuildFile; fileRef = F7B26FCB1FD6D62900E143A6 /* Assets.xcassets */; };
		F7B26FCF1FD6D62900E143A6 /* LaunchScreen.storyboard in Resources */ = {isa = PBXBuildFile; fileRef = F7B26FCD1FD6D62900E143A6 /* LaunchScreen.storyboard */; };
		F7B26FD21FD6D62900E143A6 /* main.m in Sources */ = {isa = PBXBuildFile; fileRef = F7B26FD11FD6D62900E143A6 /* main.m */; };
		F7B26FDA1FD6D76300E143A6 /* PlayingCardView.mm in Sources */ = {isa = PBXBuildFile; fileRef = F7B26FD81FD6D76300E143A6 /* PlayingCardView.mm */; };
		F7CBD68C1FD9734D0062982A /* CGSetDeck.mm in Sources */ = {isa = PBXBuildFile; fileRef = F7CBD6771FD9734A0062982A /* CGSetDeck.mm */; };
		F7CBD68D1FD9734D0062982A /* SetCardsViewController.mm in Sources */ = {isa = PBXBuildFile; fileRef = F7CBD6781FD9734A0062982A /* SetCardsViewController.mm */; };
		F7CBD68E1FD9734D0062982A /* CGCard.mm in Sources */ = {isa = PBXBuildFile; fileRef = F7CBD67B1FD9734B0062982A /* CGCard.mm */; };
		F7CBD68F1FD9734D0062982A /* CGCardGame.mm in Sources */ = {isa = PBXBuildFile; fileRef = F7CBD67C1FD9734B0062982A /* CGCardGame.mm */; };
		F7CBD6901FD9734D0062982A /* MatchingCardsViewController.mm in Sources */ = {isa = PBXBuildFile; fileRef = F7CBD6801FD9734B0062982A /* MatchingCardsViewController.mm */; };
		F7CBD6911FD9734D0062982A /* CGPlayingCard.mm in Sources */ = {isa = PBXBuildFile; fileRef = F7CBD6821FD9734B0062982A /* CGPlayingCard.mm */; };
		F7CBD6921FD9734D0062982A /* CGSetCard.mm in Sources */ = {isa = PBXBuildFile; fileRef = F7CBD6831FD9734C0062982A /* CGSetCard.mm */; };
		F7CBD6931FD9734D0062982A /* CGDeck.mm in Sources */ = {isa = PBXBuildFile; fileRef = F7CBD6861FD9734C0062982A /* CGDeck.mm */; };
		F7CBD6941FD9734D0062982A /* CGSetGame.mm in Sources */ = {isa = PBXBuildFile; fileRef = F7CBD6871FD9734C0062982A /* CGSetGame.mm */; };
		F7CBD6951FD9734D0062982A /* CGCardMatchingGame.mm in Sources */ = {isa = PBXBuildFile; fileRef = F7CBD6881FD9734C0062982A /* CGCardMatchingGame.mm */; };
		F7CBD6961FD9734D0062982A /* CGPlayingCardDeck.mm in Sources */ = {isa = PBXBuildFile; fileRef = F7CBD6891FD9734C0062982A /* CGPlayingCardDeck.mm */; };
/* End PBXBuildFile section */

/* Begin PBXFileReference section */
		F7B26FBF1FD6D62900E143A6 /* SuperCard.app */ = {isa = PBXFileReference; explicitFileType = wrapper.application; includeInIndex = 0; path = SuperCard.app; sourceTree = BUILT_PRODUCTS_DIR; };
		F7B26FC21FD6D62900E143A6 /* AppDelegate.h */ = {isa = PBXFileReference; lastKnownFileType = sourcecode.c.h; path = AppDelegate.h; sourceTree = "<group>"; };
		F7B26FC31FD6D62900E143A6 /* AppDelegate.m */ = {isa = PBXFileReference; lastKnownFileType = sourcecode.c.objc; path = AppDelegate.m; sourceTree = "<group>"; };
		F7B26FC51FD6D62900E143A6 /* ViewController.h */ = {isa = PBXFileReference; lastKnownFileType = sourcecode.c.h; path = ViewController.h; sourceTree = "<group>"; };
		F7B26FC61FD6D62900E143A6 /* ViewController.m */ = {isa = PBXFileReference; lastKnownFileType = sourcecode.c.objc; path = ViewController.m; sourceTree = "<group>"; };
		F7B26FC91FD6D62900E143A6 /* Base */ = {isa = PBXFileReference; lastKnownFileType = file.storyboard; name = Base; path = Base.lproj/Main.storyboard; sourceTree = "<group>"; };
		F7B26FCB1FD6D62900E143A6 /* Assets.xcassets */ = {isa = PBXFileReference; lastKnownFileType = folder.assetcatalog; path = Assets.xcassets; sourceTree = "<group>"; };
		F7B26FCE1FD6D62900E143A6 /* Base */ = {isa = PBXFileReference; lastKnownFileType = file.storyboard; name = Base; path = Base.lproj/LaunchScreen.storyboard; sourceTree = "<group>"; };
		F7B26FD01FD6D62900E143A6 /* Info.plist */ = {isa = PBXFileReference; lastKnownFileType = text.plist.xml; path = Info.plist; sourceTree = "<group>"; };
		F7B26FD11FD6D62900E143A6 /* main.m */ = {isa = PBXFileReference; lastKnownFileType = sourcecode.c.objc; path = main.m; sourceTree = "<group>"; };
		F7B26FD81FD6D76300E143A6 /* PlayingCardView.mm */ = {isa = PBXFileReference; lastKnownFileType = sourcecode.cpp.objcpp; path = PlayingCardView.mm; sourceTree = "<group>"; };
		F7B26FD91FD6D76300E143A6 /* PlayingCardView.h */ = {isa = PBXFileReference; lastKnownFileType = sourcecode.c.h; path = PlayingCardView.h; sourceTree = "<group>"; };
		F7CBD6761FD9734A0062982A /* CGSetGame.h */ = {isa = PBXFileReference; fileEncoding = 4; lastKnownFileType = sourcecode.c.h; path = CGSetGame.h; sourceTree = "<group>"; };
		F7CBD6771FD9734A0062982A /* CGSetDeck.mm */ = {isa = PBXFileReference; fileEncoding = 4; lastKnownFileType = sourcecode.cpp.objcpp; path = CGSetDeck.mm; sourceTree = "<group>"; };
		F7CBD6781FD9734A0062982A /* SetCardsViewController.mm */ = {isa = PBXFileReference; fileEncoding = 4; lastKnownFileType = sourcecode.cpp.objcpp; path = SetCardsViewController.mm; sourceTree = "<group>"; };
		F7CBD6791FD9734B0062982A /* CGSetCard.h */ = {isa = PBXFileReference; fileEncoding = 4; lastKnownFileType = sourcecode.c.h; path = CGSetCard.h; sourceTree = "<group>"; };
		F7CBD67A1FD9734B0062982A /* CGCardGame.h */ = {isa = PBXFileReference; fileEncoding = 4; lastKnownFileType = sourcecode.c.h; path = CGCardGame.h; sourceTree = "<group>"; };
		F7CBD67B1FD9734B0062982A /* CGCard.mm */ = {isa = PBXFileReference; fileEncoding = 4; lastKnownFileType = sourcecode.cpp.objcpp; path = CGCard.mm; sourceTree = "<group>"; };
		F7CBD67C1FD9734B0062982A /* CGCardGame.mm */ = {isa = PBXFileReference; fileEncoding = 4; lastKnownFileType = sourcecode.cpp.objcpp; path = CGCardGame.mm; sourceTree = "<group>"; };
		F7CBD67D1FD9734B0062982A /* CGPlayingCard.h */ = {isa = PBXFileReference; fileEncoding = 4; lastKnownFileType = sourcecode.c.h; path = CGPlayingCard.h; sourceTree = "<group>"; };
		F7CBD67E1FD9734B0062982A /* CGSetDeck.h */ = {isa = PBXFileReference; fileEncoding = 4; lastKnownFileType = sourcecode.c.h; path = CGSetDeck.h; sourceTree = "<group>"; };
		F7CBD67F1FD9734B0062982A /* MatchingCardsViewController.h */ = {isa = PBXFileReference; fileEncoding = 4; lastKnownFileType = sourcecode.c.h; path = MatchingCardsViewController.h; sourceTree = "<group>"; };
		F7CBD6801FD9734B0062982A /* MatchingCardsViewController.mm */ = {isa = PBXFileReference; fileEncoding = 4; lastKnownFileType = sourcecode.cpp.objcpp; path = MatchingCardsViewController.mm; sourceTree = "<group>"; };
		F7CBD6811FD9734B0062982A /* CGCard.h */ = {isa = PBXFileReference; fileEncoding = 4; lastKnownFileType = sourcecode.c.h; path = CGCard.h; sourceTree = "<group>"; };
		F7CBD6821FD9734B0062982A /* CGPlayingCard.mm */ = {isa = PBXFileReference; fileEncoding = 4; lastKnownFileType = sourcecode.cpp.objcpp; path = CGPlayingCard.mm; sourceTree = "<group>"; };
		F7CBD6831FD9734C0062982A /* CGSetCard.mm */ = {isa = PBXFileReference; fileEncoding = 4; lastKnownFileType = sourcecode.cpp.objcpp; path = CGSetCard.mm; sourceTree = "<group>"; };
		F7CBD6841FD9734C0062982A /* SetCardsViewController.h */ = {isa = PBXFileReference; fileEncoding = 4; lastKnownFileType = sourcecode.c.h; path = SetCardsViewController.h; sourceTree = "<group>"; };
		F7CBD6851FD9734C0062982A /* CGCardMatchingGame.h */ = {isa = PBXFileReference; fileEncoding = 4; lastKnownFileType = sourcecode.c.h; path = CGCardMatchingGame.h; sourceTree = "<group>"; };
		F7CBD6861FD9734C0062982A /* CGDeck.mm */ = {isa = PBXFileReference; fileEncoding = 4; lastKnownFileType = sourcecode.cpp.objcpp; path = CGDeck.mm; sourceTree = "<group>"; };
		F7CBD6871FD9734C0062982A /* CGSetGame.mm */ = {isa = PBXFileReference; fileEncoding = 4; lastKnownFileType = sourcecode.cpp.objcpp; path = CGSetGame.mm; sourceTree = "<group>"; };
		F7CBD6881FD9734C0062982A /* CGCardMatchingGame.mm */ = {isa = PBXFileReference; fileEncoding = 4; lastKnownFileType = sourcecode.cpp.objcpp; path = CGCardMatchingGame.mm; sourceTree = "<group>"; };
		F7CBD6891FD9734C0062982A /* CGPlayingCardDeck.mm */ = {isa = PBXFileReference; fileEncoding = 4; lastKnownFileType = sourcecode.cpp.objcpp; path = CGPlayingCardDeck.mm; sourceTree = "<group>"; };
		F7CBD68A1FD9734C0062982A /* CGDeck.h */ = {isa = PBXFileReference; fileEncoding = 4; lastKnownFileType = sourcecode.c.h; path = CGDeck.h; sourceTree = "<group>"; };
		F7CBD68B1FD9734C0062982A /* CGPlayingCardDeck.h */ = {isa = PBXFileReference; fileEncoding = 4; lastKnownFileType = sourcecode.c.h; path = CGPlayingCardDeck.h; sourceTree = "<group>"; };
		F7CBD6971FD975CC0062982A /* PrefixHeader.pch */ = {isa = PBXFileReference; lastKnownFileType = sourcecode.c.h; path = PrefixHeader.pch; sourceTree = "<group>"; };
/* End PBXFileReference section */

/* Begin PBXFrameworksBuildPhase section */
		F7B26FBC1FD6D62900E143A6 /* Frameworks */ = {
			isa = PBXFrameworksBuildPhase;
			buildActionMask = 2147483647;
			files = (
			);
			runOnlyForDeploymentPostprocessing = 0;
		};
/* End PBXFrameworksBuildPhase section */

/* Begin PBXGroup section */
		F7B26FB61FD6D62900E143A6 = {
			isa = PBXGroup;
			children = (
				F7B26FC11FD6D62900E143A6 /* SuperCard */,
				F7B26FC01FD6D62900E143A6 /* Products */,
			);
			sourceTree = "<group>";
		};
		F7B26FC01FD6D62900E143A6 /* Products */ = {
			isa = PBXGroup;
			children = (
				F7B26FBF1FD6D62900E143A6 /* SuperCard.app */,
			);
			name = Products;
			sourceTree = "<group>";
		};
		F7B26FC11FD6D62900E143A6 /* SuperCard */ = {
			isa = PBXGroup;
			children = (
				F7B26FC81FD6D62900E143A6 /* Main.storyboard */,
				F7B26FC51FD6D62900E143A6 /* ViewController.h */,
				F7B26FC61FD6D62900E143A6 /* ViewController.m */,
				F7B26FD91FD6D76300E143A6 /* PlayingCardView.h */,
				F7B26FD81FD6D76300E143A6 /* PlayingCardView.mm */,
				F7CBD6811FD9734B0062982A /* CGCard.h */,
				F7CBD67B1FD9734B0062982A /* CGCard.mm */,
				F7CBD67A1FD9734B0062982A /* CGCardGame.h */,
				F7CBD67C1FD9734B0062982A /* CGCardGame.mm */,
				F7CBD6851FD9734C0062982A /* CGCardMatchingGame.h */,
				F7CBD6881FD9734C0062982A /* CGCardMatchingGame.mm */,
				F7CBD68A1FD9734C0062982A /* CGDeck.h */,
				F7CBD6861FD9734C0062982A /* CGDeck.mm */,
				F7CBD67D1FD9734B0062982A /* CGPlayingCard.h */,
				F7CBD6821FD9734B0062982A /* CGPlayingCard.mm */,
				F7CBD68B1FD9734C0062982A /* CGPlayingCardDeck.h */,
				F7CBD6891FD9734C0062982A /* CGPlayingCardDeck.mm */,
				F7CBD6791FD9734B0062982A /* CGSetCard.h */,
				F7CBD6831FD9734C0062982A /* CGSetCard.mm */,
				F7CBD67E1FD9734B0062982A /* CGSetDeck.h */,
				F7CBD6771FD9734A0062982A /* CGSetDeck.mm */,
				F7CBD6761FD9734A0062982A /* CGSetGame.h */,
				F7CBD6871FD9734C0062982A /* CGSetGame.mm */,
				F7CBD67F1FD9734B0062982A /* MatchingCardsViewController.h */,
				F7CBD6801FD9734B0062982A /* MatchingCardsViewController.mm */,
				F7CBD6841FD9734C0062982A /* SetCardsViewController.h */,
				F7CBD6781FD9734A0062982A /* SetCardsViewController.mm */,
				F7CBD6971FD975CC0062982A /* PrefixHeader.pch */,
				F7B26FCB1FD6D62900E143A6 /* Assets.xcassets */,
				F7B26FCD1FD6D62900E143A6 /* LaunchScreen.storyboard */,
				F7B26FD01FD6D62900E143A6 /* Info.plist */,
				F7B26FD11FD6D62900E143A6 /* main.m */,
				F7B26FC21FD6D62900E143A6 /* AppDelegate.h */,
				F7B26FC31FD6D62900E143A6 /* AppDelegate.m */,
			);
			path = SuperCard;
			sourceTree = "<group>";
		};
/* End PBXGroup section */

/* Begin PBXNativeTarget section */
		F7B26FBE1FD6D62900E143A6 /* SuperCard */ = {
			isa = PBXNativeTarget;
			buildConfigurationList = F7B26FD51FD6D62900E143A6 /* Build configuration list for PBXNativeTarget "SuperCard" */;
			buildPhases = (
				F7B26FBB1FD6D62900E143A6 /* Sources */,
				F7B26FBC1FD6D62900E143A6 /* Frameworks */,
				F7B26FBD1FD6D62900E143A6 /* Resources */,
			);
			buildRules = (
			);
			dependencies = (
			);
			name = SuperCard;
			productName = SuperCard;
			productReference = F7B26FBF1FD6D62900E143A6 /* SuperCard.app */;
			productType = "com.apple.product-type.application";
		};
/* End PBXNativeTarget section */

/* Begin PBXProject section */
		F7B26FB71FD6D62900E143A6 /* Project object */ = {
			isa = PBXProject;
			attributes = {
				LastUpgradeCheck = 0910;
				ORGANIZATIONNAME = Lightricks;
				TargetAttributes = {
					F7B26FBE1FD6D62900E143A6 = {
						CreatedOnToolsVersion = 9.1;
						ProvisioningStyle = Automatic;
					};
				};
			};
			buildConfigurationList = F7B26FBA1FD6D62900E143A6 /* Build configuration list for PBXProject "SuperCard" */;
			compatibilityVersion = "Xcode 8.0";
			developmentRegion = en;
			hasScannedForEncodings = 0;
			knownRegions = (
				en,
				Base,
			);
			mainGroup = F7B26FB61FD6D62900E143A6;
			productRefGroup = F7B26FC01FD6D62900E143A6 /* Products */;
			projectDirPath = "";
			projectRoot = "";
			targets = (
				F7B26FBE1FD6D62900E143A6 /* SuperCard */,
			);
		};
/* End PBXProject section */

/* Begin PBXResourcesBuildPhase section */
		F7B26FBD1FD6D62900E143A6 /* Resources */ = {
			isa = PBXResourcesBuildPhase;
			buildActionMask = 2147483647;
			files = (
				F7B26FCF1FD6D62900E143A6 /* LaunchScreen.storyboard in Resources */,
				F7B26FCC1FD6D62900E143A6 /* Assets.xcassets in Resources */,
				F7B26FCA1FD6D62900E143A6 /* Main.storyboard in Resources */,
			);
			runOnlyForDeploymentPostprocessing = 0;
		};
/* End PBXResourcesBuildPhase section */

/* Begin PBXSourcesBuildPhase section */
		F7B26FBB1FD6D62900E143A6 /* Sources */ = {
			isa = PBXSourcesBuildPhase;
			buildActionMask = 2147483647;
			files = (
				F7CBD68E1FD9734D0062982A /* CGCard.mm in Sources */,
				F7B26FC71FD6D62900E143A6 /* ViewController.m in Sources */,
				F7CBD6931FD9734D0062982A /* CGDeck.mm in Sources */,
				F7CBD6921FD9734D0062982A /* CGSetCard.mm in Sources */,
				F7B26FD21FD6D62900E143A6 /* main.m in Sources */,
				F7CBD68F1FD9734D0062982A /* CGCardGame.mm in Sources */,
				F7CBD6901FD9734D0062982A /* MatchingCardsViewController.mm in Sources */,
				F7CBD6941FD9734D0062982A /* CGSetGame.mm in Sources */,
				F7CBD6951FD9734D0062982A /* CGCardMatchingGame.mm in Sources */,
				F7B26FC41FD6D62900E143A6 /* AppDelegate.m in Sources */,
				F7CBD6911FD9734D0062982A /* CGPlayingCard.mm in Sources */,
				F7CBD68D1FD9734D0062982A /* SetCardsViewController.mm in Sources */,
				F7CBD68C1FD9734D0062982A /* CGSetDeck.mm in Sources */,
				F7B26FDA1FD6D76300E143A6 /* PlayingCardView.mm in Sources */,
				F7CBD6961FD9734D0062982A /* CGPlayingCardDeck.mm in Sources */,
			);
			runOnlyForDeploymentPostprocessing = 0;
		};
/* End PBXSourcesBuildPhase section */

/* Begin PBXVariantGroup section */
		F7B26FC81FD6D62900E143A6 /* Main.storyboard */ = {
			isa = PBXVariantGroup;
			children = (
				F7B26FC91FD6D62900E143A6 /* Base */,
			);
			name = Main.storyboard;
			sourceTree = "<group>";
		};
		F7B26FCD1FD6D62900E143A6 /* LaunchScreen.storyboard */ = {
			isa = PBXVariantGroup;
			children = (
				F7B26FCE1FD6D62900E143A6 /* Base */,
			);
			name = LaunchScreen.storyboard;
			sourceTree = "<group>";
		};
/* End PBXVariantGroup section */

/* Begin XCBuildConfiguration section */
		F7B26FD31FD6D62900E143A6 /* Debug */ = {
			isa = XCBuildConfiguration;
			buildSettings = {
				ALWAYS_SEARCH_USER_PATHS = NO;
				CLANG_ANALYZER_NONNULL = YES;
				CLANG_ANALYZER_NUMBER_OBJECT_CONVERSION = YES_AGGRESSIVE;
				CLANG_CXX_LANGUAGE_STANDARD = "gnu++14";
				CLANG_CXX_LIBRARY = "libc++";
				CLANG_ENABLE_MODULES = YES;
				CLANG_ENABLE_OBJC_ARC = YES;
				CLANG_WARN_BLOCK_CAPTURE_AUTORELEASING = YES;
				CLANG_WARN_BOOL_CONVERSION = YES;
				CLANG_WARN_COMMA = YES;
				CLANG_WARN_CONSTANT_CONVERSION = YES;
				CLANG_WARN_DIRECT_OBJC_ISA_USAGE = YES_ERROR;
				CLANG_WARN_DOCUMENTATION_COMMENTS = YES;
				CLANG_WARN_EMPTY_BODY = YES;
				CLANG_WARN_ENUM_CONVERSION = YES;
				CLANG_WARN_INFINITE_RECURSION = YES;
				CLANG_WARN_INT_CONVERSION = YES;
				CLANG_WARN_NON_LITERAL_NULL_CONVERSION = YES;
				CLANG_WARN_OBJC_LITERAL_CONVERSION = YES;
				CLANG_WARN_OBJC_ROOT_CLASS = YES_ERROR;
				CLANG_WARN_RANGE_LOOP_ANALYSIS = YES;
				CLANG_WARN_STRICT_PROTOTYPES = YES;
				CLANG_WARN_SUSPICIOUS_MOVE = YES;
				CLANG_WARN_UNGUARDED_AVAILABILITY = YES_AGGRESSIVE;
				CLANG_WARN_UNREACHABLE_CODE = YES;
				CLANG_WARN__DUPLICATE_METHOD_MATCH = YES;
				CODE_SIGN_IDENTITY = "iPhone Developer";
				COPY_PHASE_STRIP = NO;
				DEBUG_INFORMATION_FORMAT = dwarf;
				ENABLE_STRICT_OBJC_MSGSEND = YES;
				ENABLE_TESTABILITY = YES;
				GCC_C_LANGUAGE_STANDARD = gnu11;
				GCC_DYNAMIC_NO_PIC = NO;
				GCC_NO_COMMON_BLOCKS = YES;
				GCC_OPTIMIZATION_LEVEL = 0;
				GCC_PREPROCESSOR_DEFINITIONS = (
					"DEBUG=1",
					"$(inherited)",
				);
				GCC_WARN_64_TO_32_BIT_CONVERSION = YES;
				GCC_WARN_ABOUT_RETURN_TYPE = YES_ERROR;
				GCC_WARN_UNDECLARED_SELECTOR = YES;
				GCC_WARN_UNINITIALIZED_AUTOS = YES_AGGRESSIVE;
				GCC_WARN_UNUSED_FUNCTION = YES;
				GCC_WARN_UNUSED_VARIABLE = YES;
				IPHONEOS_DEPLOYMENT_TARGET = 11.1;
				MTL_ENABLE_DEBUG_INFO = YES;
				ONLY_ACTIVE_ARCH = YES;
				SDKROOT = iphoneos;
			};
			name = Debug;
		};
		F7B26FD41FD6D62900E143A6 /* Release */ = {
			isa = XCBuildConfiguration;
			buildSettings = {
				ALWAYS_SEARCH_USER_PATHS = NO;
				CLANG_ANALYZER_NONNULL = YES;
				CLANG_ANALYZER_NUMBER_OBJECT_CONVERSION = YES_AGGRESSIVE;
				CLANG_CXX_LANGUAGE_STANDARD = "gnu++14";
				CLANG_CXX_LIBRARY = "libc++";
				CLANG_ENABLE_MODULES = YES;
				CLANG_ENABLE_OBJC_ARC = YES;
				CLANG_WARN_BLOCK_CAPTURE_AUTORELEASING = YES;
				CLANG_WARN_BOOL_CONVERSION = YES;
				CLANG_WARN_COMMA = YES;
				CLANG_WARN_CONSTANT_CONVERSION = YES;
				CLANG_WARN_DIRECT_OBJC_ISA_USAGE = YES_ERROR;
				CLANG_WARN_DOCUMENTATION_COMMENTS = YES;
				CLANG_WARN_EMPTY_BODY = YES;
				CLANG_WARN_ENUM_CONVERSION = YES;
				CLANG_WARN_INFINITE_RECURSION = YES;
				CLANG_WARN_INT_CONVERSION = YES;
				CLANG_WARN_NON_LITERAL_NULL_CONVERSION = YES;
				CLANG_WARN_OBJC_LITERAL_CONVERSION = YES;
				CLANG_WARN_OBJC_ROOT_CLASS = YES_ERROR;
				CLANG_WARN_RANGE_LOOP_ANALYSIS = YES;
				CLANG_WARN_STRICT_PROTOTYPES = YES;
				CLANG_WARN_SUSPICIOUS_MOVE = YES;
				CLANG_WARN_UNGUARDED_AVAILABILITY = YES_AGGRESSIVE;
				CLANG_WARN_UNREACHABLE_CODE = YES;
				CLANG_WARN__DUPLICATE_METHOD_MATCH = YES;
				CODE_SIGN_IDENTITY = "iPhone Developer";
				COPY_PHASE_STRIP = NO;
				DEBUG_INFORMATION_FORMAT = "dwarf-with-dsym";
				ENABLE_NS_ASSERTIONS = NO;
				ENABLE_STRICT_OBJC_MSGSEND = YES;
				GCC_C_LANGUAGE_STANDARD = gnu11;
				GCC_NO_COMMON_BLOCKS = YES;
				GCC_WARN_64_TO_32_BIT_CONVERSION = YES;
				GCC_WARN_ABOUT_RETURN_TYPE = YES_ERROR;
				GCC_WARN_UNDECLARED_SELECTOR = YES;
				GCC_WARN_UNINITIALIZED_AUTOS = YES_AGGRESSIVE;
				GCC_WARN_UNUSED_FUNCTION = YES;
				GCC_WARN_UNUSED_VARIABLE = YES;
				IPHONEOS_DEPLOYMENT_TARGET = 11.1;
				MTL_ENABLE_DEBUG_INFO = NO;
				SDKROOT = iphoneos;
				VALIDATE_PRODUCT = YES;
			};
			name = Release;
		};
		F7B26FD61FD6D62900E143A6 /* Debug */ = {
			isa = XCBuildConfiguration;
			buildSettings = {
				ASSETCATALOG_COMPILER_APPICON_NAME = AppIcon;
				CODE_SIGN_STYLE = Automatic;
				GCC_PRECOMPILE_PREFIX_HEADER = YES;
				GCC_PREFIX_HEADER = /Users/nimrodgruber/Desktop/Dev/Attributor/SuperCard/SuperCard/SuperCard/PrefixHeader.pch;
				INFOPLIST_FILE = SuperCard/Info.plist;
				LD_RUNPATH_SEARCH_PATHS = "$(inherited) @executable_path/Frameworks";
				PRODUCT_BUNDLE_IDENTIFIER = nimrodGruber.SuperCard;
				PRODUCT_NAME = "$(TARGET_NAME)";
				TARGETED_DEVICE_FAMILY = "1,2";
			};
			name = Debug;
		};
		F7B26FD71FD6D62900E143A6 /* Release */ = {
			isa = XCBuildConfiguration;
			buildSettings = {
				ASSETCATALOG_COMPILER_APPICON_NAME = AppIcon;
				CODE_SIGN_STYLE = Automatic;
				GCC_PRECOMPILE_PREFIX_HEADER = YES;
				GCC_PREFIX_HEADER = /Users/nimrodgruber/Desktop/Dev/Attributor/SuperCard/SuperCard/SuperCard/PrefixHeader.pch;
				INFOPLIST_FILE = SuperCard/Info.plist;
				LD_RUNPATH_SEARCH_PATHS = "$(inherited) @executable_path/Frameworks";
				PRODUCT_BUNDLE_IDENTIFIER = nimrodGruber.SuperCard;
				PRODUCT_NAME = "$(TARGET_NAME)";
				TARGETED_DEVICE_FAMILY = "1,2";
			};
			name = Release;
		};
/* End XCBuildConfiguration section */

/* Begin XCConfigurationList section */
		F7B26FBA1FD6D62900E143A6 /* Build configuration list for PBXProject "SuperCard" */ = {
			isa = XCConfigurationList;
			buildConfigurations = (
				F7B26FD31FD6D62900E143A6 /* Debug */,
				F7B26FD41FD6D62900E143A6 /* Release */,
			);
			defaultConfigurationIsVisible = 0;
			defaultConfigurationName = Release;
		};
		F7B26FD51FD6D62900E143A6 /* Build configuration list for PBXNativeTarget "SuperCard" */ = {
			isa = XCConfigurationList;
			buildConfigurations = (
				F7B26FD61FD6D62900E143A6 /* Debug */,
				F7B26FD71FD6D62900E143A6 /* Release */,
			);
			defaultConfigurationIsVisible = 0;
			defaultConfigurationName = Release;
		};
/* End XCConfigurationList section */
	};
	rootObject = F7B26FB71FD6D62900E143A6 /* Project object */;
}
